
Microsoft Visual Studio Solution File, Format Version 12.00
# Visual Studio Version 17
VisualStudioVersion = 17.14.36414.22 d17.14
MinimumVisualStudioVersion = 10.0.40219.1
Project("{FAE04EC0-301F-11D3-BF4B-00C04F79EFBC}") = "AreaTrianguloIgor", "AreaTrianguloIgor\AreaTrianguloIgor.csproj", "{22D5F459-2158-4D78-8E5E-FF67433128E6}"
EndProject
Global
	GlobalSection(SolutionConfigurationPlatforms) = preSolution
		Debug|Any CPU = Debug|Any CPU
		Release|Any CPU = Release|Any CPU
	EndGlobalSection
	GlobalSection(ProjectConfigurationPlatforms) = postSolution
		{22D5F459-2158-4D78-8E5E-FF67433128E6}.Debug|Any CPU.ActiveCfg = Debug|Any CPU
		{22D5F459-2158-4D78-8E5E-FF67433128E6}.Debug|Any CPU.Build.0 = Debug|Any CPU
		{22D5F459-2158-4D78-8E5E-FF67433128E6}.Release|Any CPU.ActiveCfg = Release|Any CPU
		{22D5F459-2158-4D78-8E5E-FF67433128E6}.Release|Any CPU.Build.0 = Release|Any CPU
	EndGlobalSection
	GlobalSection(SolutionProperties) = preSolution
		HideSolutionNode = FALSE
	EndGlobalSection
	GlobalSection(ExtensibilityGlobals) = postSolution
		SolutionGuid = {051C33BB-C4FC-40C9-A13E-2E4452FE740D}
	EndGlobalSection
EndGlobal
