
Microsoft Visual Studio Solution File, Format Version 12.00
# Visual Studio Version 17
VisualStudioVersion = 17.14.36518.9 d17.14
MinimumVisualStudioVersion = 10.0.40219.1
Project("{FAE04EC0-301F-11D3-BF4B-00C04F79EFBC}") = "Rot-JSON-2", "Rot-JSON-2\Rot-JSON-2.csproj", "{72230852-3A8D-434E-A899-38C2E0D27444}"
EndProject
Global
	GlobalSection(SolutionConfigurationPlatforms) = preSolution
		Debug|Any CPU = Debug|Any CPU
		Release|Any CPU = Release|Any CPU
	EndGlobalSection
	GlobalSection(ProjectConfigurationPlatforms) = postSolution
		{72230852-3A8D-434E-A899-38C2E0D27444}.Debug|Any CPU.ActiveCfg = Debug|Any CPU
		{72230852-3A8D-434E-A899-38C2E0D27444}.Debug|Any CPU.Build.0 = Debug|Any CPU
		{72230852-3A8D-434E-A899-38C2E0D27444}.Release|Any CPU.ActiveCfg = Release|Any CPU
		{72230852-3A8D-434E-A899-38C2E0D27444}.Release|Any CPU.Build.0 = Release|Any CPU
	EndGlobalSection
	GlobalSection(SolutionProperties) = preSolution
		HideSolutionNode = FALSE
	EndGlobalSection
	GlobalSection(ExtensibilityGlobals) = postSolution
		SolutionGuid = {FBED850F-A882-40AC-8072-CC8A80614AE9}
	EndGlobalSection
EndGlobal
