
Microsoft Visual Studio Solution File, Format Version 12.00
# Visual Studio Version 17
VisualStudioVersion = 17.14.36518.9 d17.14
MinimumVisualStudioVersion = 10.0.40219.1
Project("{FAE04EC0-301F-11D3-BF4B-00C04F79EFBC}") = "TestandoMinhaBiblioteca", "TestandoMinhaBiblioteca\TestandoMinhaBiblioteca.csproj", "{7F8F888C-56CF-4E62-8BB9-3587ED048519}"
EndProject
Global
	GlobalSection(SolutionConfigurationPlatforms) = preSolution
		Debug|Any CPU = Debug|Any CPU
		Release|Any CPU = Release|Any CPU
	EndGlobalSection
	GlobalSection(ProjectConfigurationPlatforms) = postSolution
		{7F8F888C-56CF-4E62-8BB9-3587ED048519}.Debug|Any CPU.ActiveCfg = Debug|Any CPU
		{7F8F888C-56CF-4E62-8BB9-3587ED048519}.Debug|Any CPU.Build.0 = Debug|Any CPU
		{7F8F888C-56CF-4E62-8BB9-3587ED048519}.Release|Any CPU.ActiveCfg = Release|Any CPU
		{7F8F888C-56CF-4E62-8BB9-3587ED048519}.Release|Any CPU.Build.0 = Release|Any CPU
	EndGlobalSection
	GlobalSection(SolutionProperties) = preSolution
		HideSolutionNode = FALSE
	EndGlobalSection
	GlobalSection(ExtensibilityGlobals) = postSolution
		SolutionGuid = {1B17D25C-0F60-464D-9FE4-8963DDA5B103}
	EndGlobalSection
EndGlobal
