
Microsoft Visual Studio Solution File, Format Version 12.00
# Visual Studio Version 17
VisualStudioVersion = 17.14.36414.22 d17.14
MinimumVisualStudioVersion = 10.0.40219.1
Project("{FAE04EC0-301F-11D3-BF4B-00C04F79EFBC}") = "BibliotecaValidacoes", "BibliotecaValidacoes\BibliotecaValidacoes.csproj", "{0D8A9B39-1D3B-4ABE-87DF-BBD3D4FA208B}"
EndProject
Global
	GlobalSection(SolutionConfigurationPlatforms) = preSolution
		Debug|Any CPU = Debug|Any CPU
		Release|Any CPU = Release|Any CPU
	EndGlobalSection
	GlobalSection(ProjectConfigurationPlatforms) = postSolution
		{0D8A9B39-1D3B-4ABE-87DF-BBD3D4FA208B}.Debug|Any CPU.ActiveCfg = Debug|Any CPU
		{0D8A9B39-1D3B-4ABE-87DF-BBD3D4FA208B}.Debug|Any CPU.Build.0 = Debug|Any CPU
		{0D8A9B39-1D3B-4ABE-87DF-BBD3D4FA208B}.Release|Any CPU.ActiveCfg = Release|Any CPU
		{0D8A9B39-1D3B-4ABE-87DF-BBD3D4FA208B}.Release|Any CPU.Build.0 = Release|Any CPU
	EndGlobalSection
	GlobalSection(SolutionProperties) = preSolution
		HideSolutionNode = FALSE
	EndGlobalSection
	GlobalSection(ExtensibilityGlobals) = postSolution
		SolutionGuid = {8AEA1944-E6E4-41CB-8CBB-C315157F46FB}
	EndGlobalSection
EndGlobal
